{
  "version": 4,
  "terraform_version": "1.2.7",
  "serial": 27,
  "lineage": "1213dca5-a3c3-4b04-09f5-a5210a049e17",
  "outputs": {},
  "resources": [
    {
      "mode": "data",
      "type": "aws_subnets",
      "name": "subnets",
      "provider": "provider[\"registry.terraform.io/hashicorp/aws\"]",
      "instances": [
        {
          "schema_version": 0,
          "attributes": {
            "filter": [
              {
                "name": "tag:Name",
                "values": [
                  "sub.app.a.sbx.0",
                  "sub.app.b.sbx.1"
                ]
              }
            ],
            "id": "eu-west-3",
            "ids": [
              "subnet-0108cc49d0bff80cc",
              "subnet-0e9f17068d6f4ec0a"
            ],
            "tags": null
          },
          "sensitive_attributes": []
        }
      ]
    },
    {
      "mode": "managed",
      "type": "aws_acm_certificate",
      "name": "pe-demomanomanotech-cert",
      "provider": "provider[\"registry.terraform.io/hashicorp/aws\"]",
      "instances": [
        {
          "schema_version": 0,
          "attributes": {
            "arn": "arn:aws:acm:eu-west-3:504566391182:certificate/f54c8936-f52b-48d6-b5af-e85c2ce79c43",
            "certificate_authority_arn": "",
            "certificate_body": null,
            "certificate_chain": null,
            "domain_name": "*.pe-demo.manomano.tech",
            "domain_validation_options": [
              {
                "domain_name": "*.pe-demo.manomano.tech",
                "resource_record_name": "_a6710d7fef56ef26455d678a50bc2c02.pe-demo.manomano.tech.",
                "resource_record_type": "CNAME",
                "resource_record_value": "_bb300cf378ed8c28df19df5f69cdc728.bwfqbhlrkg.acm-validations.aws."
              }
            ],
            "id": "arn:aws:acm:eu-west-3:504566391182:certificate/f54c8936-f52b-48d6-b5af-e85c2ce79c43",
            "options": [
              {
                "certificate_transparency_logging_preference": "ENABLED"
              }
            ],
            "private_key": null,
            "status": "PENDING_VALIDATION",
            "subject_alternative_names": [
              "*.pe-demo.manomano.tech"
            ],
            "tags": {},
            "tags_all": {},
            "validation_emails": [],
            "validation_method": "DNS",
            "validation_option": []
          },
          "sensitive_attributes": [],
          "private": "bnVsbA=="
        }
      ]
    },
    {
      "mode": "managed",
      "type": "aws_eks_cluster",
      "name": "eks-cluster",
      "provider": "provider[\"registry.terraform.io/hashicorp/aws\"]",
      "instances": [
        {
          "schema_version": 0,
          "attributes": {
            "arn": "arn:aws:eks:eu-west-3:504566391182:cluster/sbx-laurentgil",
            "certificate_authority": [
              {
                "data": "LS0tLS1CRUdJTiBDRVJUSUZJQ0FURS0tLS0tCk1JSUMvakNDQWVhZ0F3SUJBZ0lCQURBTkJna3Foa2lHOXcwQkFRc0ZBREFWTVJNd0VRWURWUVFERXdwcmRXSmwKY201bGRHVnpNQjRYRFRJeU1EZ3lNekV6TXpJeE9Wb1hEVE15TURneU1ERXpNekl4T1Zvd0ZURVRNQkVHQTFVRQpBeE1LYTNWaVpYSnVaWFJsY3pDQ0FTSXdEUVlKS29aSWh2Y05BUUVCQlFBRGdnRVBBRENDQVFvQ2dnRUJBSmVHCldpWHJmMnA2WnoyVXBYdFpQSEZmaXFlUERTVHRLRVVicGhucktsaWFqS3FsWjZvYmcvVjZVTGMrLzJ0cG9kT1oKSFNqMWUzRWRRVmpTTk5QZGU0UjQ1Ykx2YU9CSm1QYTJ5ejkvUTBnQXBTeWkyenVoQ2FrQytOdHZOUjNVSXJLYwplRFo1emtQd0p2S3VldGdhTVdNbVZ5Ry92eUN5aGJTS3B1Q1BiWmJuUmZWN21sclpqS2tnNnd3Y1NPT0xVTWxwCnZJZGhRWGw4a3RsSjdLV1NGUjlNdldnM0dxNzBuQVpyeFpOK0NueEdaNXg1K2UyMnBKSFFCeFc0V0lac2JXUzIKQmthNlZVTDVwS2VCNHRxNjV0alRHcHVTeVlwbHIrY1R5dDhtUzRhV2pET25yNUJ5RzNGZGhpaGpmK0pNYytqawpEYzl3WTJVQk9GUlkvSzJic2FVQ0F3RUFBYU5aTUZjd0RnWURWUjBQQVFIL0JBUURBZ0trTUE4R0ExVWRFd0VCCi93UUZNQU1CQWY4d0hRWURWUjBPQkJZRUZGbVBMUHZ5YlgrdURIRFBkaXNlbVhWRTE3NzZNQlVHQTFVZEVRUU8KTUF5Q0NtdDFZbVZ5Ym1WMFpYTXdEUVlKS29aSWh2Y05BUUVMQlFBRGdnRUJBSWNxeEZyeGpwTHpBWE5pcnpncQpKVW5mYVVRcE1tYWd0eFdDT2F2Vy9EMGVKNGpVblJVZEREcEhEL29WQ2RNY3p3bzlBNHdNeW94OUpWY2dHUUtBCnVvdFBGMi9xdGhVNGFGNGx2NHYvOExZeEVUSSt0Q3N0OUZjRzBucnNVU05sRlBrMHlzY0JmRWVXZ0piN093SUIKc29UTlVwSVAwYm9SM3RIaEdVeXdoUVp6VVltUG5UdFU1ckpNTWNoV1JqNjNPajhZdE9aMVB1R2pUTGNhY2RZRgppZXdjd053azVQRDFrUXhyWjVUeERRZUlIYVBGdmlhdXYwdlJXVWlHMzM2Z2xkU2hpSDN4SnRFbTltTmczeC9LCjVOUFZUVW5JcmtIVjhvYlhvYlcxNUVCY0lxeDJEYjlaa1BBRjdMRHVOU0lIRVJzaDFGYW5kUjEzRFM4SWdCTGgKSjBNPQotLS0tLUVORCBDRVJUSUZJQ0FURS0tLS0tCg=="
              }
            ],
            "created_at": "2022-08-23 13:27:24.1 +0000 UTC",
            "enabled_cluster_log_types": [
              "api",
              "audit",
              "authenticator",
              "controllerManager",
              "scheduler"
            ],
            "encryption_config": [],
            "endpoint": "https://8486BEF3ACB74DB2928F371463DE99E9.gr7.eu-west-3.eks.amazonaws.com",
            "id": "sbx-laurentgil",
            "identity": [
              {
                "oidc": [
                  {
                    "issuer": "https://oidc.eks.eu-west-3.amazonaws.com/id/8486BEF3ACB74DB2928F371463DE99E9"
                  }
                ]
              }
            ],
            "kubernetes_network_config": [
              {
                "ip_family": "ipv4",
                "service_ipv4_cidr": "172.20.0.0/16"
              }
            ],
            "name": "sbx-laurentgil",
            "platform_version": "eks.1",
            "role_arn": "arn:aws:iam::504566391182:role/role-eks-cluster-laurentgil",
            "status": "ACTIVE",
            "tags": {},
            "tags_all": {},
            "timeouts": null,
            "version": "1.23",
            "vpc_config": [
              {
                "cluster_security_group_id": "sg-0c25f0b239166ce0e",
                "endpoint_private_access": false,
                "endpoint_public_access": true,
                "public_access_cidrs": [
                  "0.0.0.0/0"
                ],
                "security_group_ids": [],
                "subnet_ids": [
                  "subnet-0108cc49d0bff80cc",
                  "subnet-0e9f17068d6f4ec0a"
                ],
                "vpc_id": "vpc-0c0ad4adbecac70e9"
              }
            ]
          },
          "sensitive_attributes": [],
          "private": "eyJlMmJmYjczMC1lY2FhLTExZTYtOGY4OC0zNDM2M2JjN2M0YzAiOnsiY3JlYXRlIjoxODAwMDAwMDAwMDAwLCJkZWxldGUiOjkwMDAwMDAwMDAwMCwidXBkYXRlIjozNjAwMDAwMDAwMDAwfX0=",
          "dependencies": [
            "aws_iam_role.eks-cluster-role",
            "data.aws_subnets.subnets"
          ]
        }
      ]
    },
    {
      "mode": "managed",
      "type": "aws_eks_node_group",
      "name": "cluster-node-group-default",
      "provider": "provider[\"registry.terraform.io/hashicorp/aws\"]",
      "instances": [
        {
          "schema_version": 0,
          "attributes": {
            "ami_type": "BOTTLEROCKET_ARM_64",
            "arn": "arn:aws:eks:eu-west-3:504566391182:nodegroup/sbx-laurentgil/sbx-laurentgil-default/f0c165a9-5782-64c7-dfd4-0520663082e9",
            "capacity_type": "ON_DEMAND",
            "cluster_name": "sbx-laurentgil",
            "disk_size": 20,
            "force_update_version": null,
            "id": "sbx-laurentgil:sbx-laurentgil-default",
            "instance_types": [
              "m6g.xlarge"
            ],
            "labels": null,
            "launch_template": [],
            "node_group_name": "sbx-laurentgil-default",
            "node_group_name_prefix": "",
            "node_role_arn": "arn:aws:iam::504566391182:role/role-pods-laurentgil",
            "release_version": "1.9.1-614cec9b",
            "remote_access": [],
            "resources": [
              {
                "autoscaling_groups": [
                  {
                    "name": "eks-sbx-laurentgil-default-f0c165a9-5782-64c7-dfd4-0520663082e9"
                  }
                ],
                "remote_access_security_group_id": ""
              }
            ],
            "scaling_config": [
              {
                "desired_size": 3,
                "max_size": 3,
                "min_size": 1
              }
            ],
            "status": "ACTIVE",
            "subnet_ids": [
              "subnet-0108cc49d0bff80cc",
              "subnet-0e9f17068d6f4ec0a"
            ],
            "tags": null,
            "tags_all": {},
            "taint": [],
            "timeouts": null,
            "update_config": [
              {
                "max_unavailable": 1,
                "max_unavailable_percentage": 0
              }
            ],
            "version": "1.23"
          },
          "sensitive_attributes": [],
          "private": "eyJlMmJmYjczMC1lY2FhLTExZTYtOGY4OC0zNDM2M2JjN2M0YzAiOnsiY3JlYXRlIjozNjAwMDAwMDAwMDAwLCJkZWxldGUiOjM2MDAwMDAwMDAwMDAsInVwZGF0ZSI6MzYwMDAwMDAwMDAwMH19",
          "dependencies": [
            "aws_iam_role.ec2-pods-execution-role",
            "data.aws_subnets.subnets"
          ]
        }
      ]
    },
    {
      "mode": "managed",
      "type": "aws_eks_node_group",
      "name": "cluster-node-group-intel",
      "provider": "provider[\"registry.terraform.io/hashicorp/aws\"]",
      "instances": [
        {
          "schema_version": 0,
          "attributes": {
            "ami_type": "BOTTLEROCKET_x86_64",
            "arn": "arn:aws:eks:eu-west-3:504566391182:nodegroup/sbx-laurentgil/sbx-laurentgil-intel/b2c165a9-5785-f687-bed3-ea806f738eab",
            "capacity_type": "ON_DEMAND",
            "cluster_name": "sbx-laurentgil",
            "disk_size": 20,
            "force_update_version": null,
            "id": "sbx-laurentgil:sbx-laurentgil-intel",
            "instance_types": [
              "t3.medium"
            ],
            "labels": null,
            "launch_template": [],
            "node_group_name": "sbx-laurentgil-intel",
            "node_group_name_prefix": "",
            "node_role_arn": "arn:aws:iam::504566391182:role/role-pods-laurentgil",
            "release_version": "1.9.1-614cec9b",
            "remote_access": [],
            "resources": [
              {
                "autoscaling_groups": [
                  {
                    "name": "eks-sbx-laurentgil-intel-b2c165a9-5785-f687-bed3-ea806f738eab"
                  }
                ],
                "remote_access_security_group_id": ""
              }
            ],
            "scaling_config": [
              {
                "desired_size": 1,
                "max_size": 3,
                "min_size": 1
              }
            ],
            "status": "ACTIVE",
            "subnet_ids": [
              "subnet-0108cc49d0bff80cc",
              "subnet-0e9f17068d6f4ec0a"
            ],
            "tags": null,
            "tags_all": {},
            "taint": [
              {
                "effect": "NO_SCHEDULE",
                "key": "arch",
                "value": "amd64"
              }
            ],
            "timeouts": null,
            "update_config": [
              {
                "max_unavailable": 1,
                "max_unavailable_percentage": 0
              }
            ],
            "version": "1.23"
          },
          "sensitive_attributes": [],
          "private": "eyJlMmJmYjczMC1lY2FhLTExZTYtOGY4OC0zNDM2M2JjN2M0YzAiOnsiY3JlYXRlIjozNjAwMDAwMDAwMDAwLCJkZWxldGUiOjM2MDAwMDAwMDAwMDAsInVwZGF0ZSI6MzYwMDAwMDAwMDAwMH19",
          "dependencies": [
            "aws_iam_role.ec2-pods-execution-role",
            "data.aws_subnets.subnets"
          ]
        }
      ]
    },
    {
      "mode": "managed",
      "type": "aws_iam_role",
      "name": "ec2-pods-execution-role",
      "provider": "provider[\"registry.terraform.io/hashicorp/aws\"]",
      "instances": [
        {
          "schema_version": 0,
          "attributes": {
            "arn": "arn:aws:iam::504566391182:role/role-pods-laurentgil",
            "assume_role_policy": "{\"Version\":\"2012-10-17\",\"Statement\":[{\"Effect\":\"Allow\",\"Principal\":{\"Service\":\"ec2.amazonaws.com\"},\"Action\":\"sts:AssumeRole\"}]}",
            "create_date": "2022-08-23T13:27:21Z",
            "description": "",
            "force_detach_policies": false,
            "id": "role-pods-laurentgil",
            "inline_policy": [
              {
                "name": "STSAllowPolicy",
                "policy": "{\"Version\":\"2012-10-17\",\"Statement\":[{\"Effect\":\"Allow\",\"Action\":\"sts:AssumeRoleWithWebIdentity\",\"Resource\":\"*\"},{\"Effect\":\"Allow\",\"Action\":\"route53:*\",\"Resource\":\"*\"}]}"
              }
            ],
            "managed_policy_arns": [
              "arn:aws:iam::aws:policy/AmazonEC2ContainerRegistryReadOnly",
              "arn:aws:iam::aws:policy/AmazonEKSWorkerNodePolicy",
              "arn:aws:iam::aws:policy/AmazonEKS_CNI_Policy",
              "arn:aws:iam::aws:policy/AmazonRoute53DomainsFullAccess",
              "arn:aws:iam::aws:policy/AmazonSSMManagedInstanceCore"
            ],
            "max_session_duration": 3600,
            "name": "role-pods-laurentgil",
            "name_prefix": "",
            "path": "/",
            "permissions_boundary": null,
            "tags": {},
            "tags_all": {},
            "unique_id": "AROAXK6UAEGHPIDUYSCTB"
          },
          "sensitive_attributes": [],
          "private": "bnVsbA=="
        }
      ]
    },
    {
      "mode": "managed",
      "type": "aws_iam_role",
      "name": "eks-cluster-role",
      "provider": "provider[\"registry.terraform.io/hashicorp/aws\"]",
      "instances": [
        {
          "schema_version": 0,
          "attributes": {
            "arn": "arn:aws:iam::504566391182:role/role-eks-cluster-laurentgil",
            "assume_role_policy": "{\"Version\":\"2012-10-17\",\"Statement\":[{\"Effect\":\"Allow\",\"Principal\":{\"Service\":\"eks.amazonaws.com\"},\"Action\":\"sts:AssumeRole\"}]}",
            "create_date": "2022-08-23T13:27:21Z",
            "description": "",
            "force_detach_policies": false,
            "id": "role-eks-cluster-laurentgil",
            "inline_policy": [
              {
                "name": "AmazonEKSClusterCloudWatchMetricsPolicy",
                "policy": "{\"Version\":\"2012-10-17\",\"Statement\":[{\"Action\":[\"cloudwatch:PutMetricData\"],\"Resource\":\"*\",\"Effect\":\"Allow\"}]}"
              }
            ],
            "managed_policy_arns": [
              "arn:aws:iam::aws:policy/AmazonEKSClusterPolicy",
              "arn:aws:iam::aws:policy/AmazonEKSVPCResourceController"
            ],
            "max_session_duration": 3600,
            "name": "role-eks-cluster-laurentgil",
            "name_prefix": "",
            "path": "/",
            "permissions_boundary": null,
            "tags": {},
            "tags_all": {},
            "unique_id": "AROAXK6UAEGHOWTPYYGIR"
          },
          "sensitive_attributes": [],
          "private": "bnVsbA=="
        }
      ]
    },
    {
      "mode": "managed",
      "type": "aws_route53_record",
      "name": "dns-record-0",
      "provider": "provider[\"registry.terraform.io/hashicorp/aws\"]",
      "instances": [
        {
          "schema_version": 2,
          "attributes": {
            "alias": [],
            "allow_overwrite": null,
            "failover_routing_policy": [],
            "fqdn": "_a6710d7fef56ef26455d678a50bc2c02.pe-demo.manomano.tech",
            "geolocation_routing_policy": [],
            "health_check_id": "",
            "id": "Z01926143MI58U1G60JGN__a6710d7fef56ef26455d678a50bc2c02.pe-demo.manomano.tech_CNAME",
            "latency_routing_policy": [],
            "multivalue_answer_routing_policy": null,
            "name": "_a6710d7fef56ef26455d678a50bc2c02.pe-demo.manomano.tech",
            "records": [
              "_bb300cf378ed8c28df19df5f69cdc728.bwfqbhlrkg.acm-validations.aws."
            ],
            "set_identifier": "",
            "ttl": 60,
            "type": "CNAME",
            "weighted_routing_policy": [],
            "zone_id": "Z01926143MI58U1G60JGN"
          },
          "sensitive_attributes": [],
          "private": "eyJzY2hlbWFfdmVyc2lvbiI6IjIifQ==",
          "dependencies": [
            "aws_acm_certificate.pe-demomanomanotech-cert",
            "aws_route53_zone.pe-demomanomanotech"
          ]
        }
      ]
    },
    {
      "mode": "managed",
      "type": "aws_route53_zone",
      "name": "pe-demomanomanotech",
      "provider": "provider[\"registry.terraform.io/hashicorp/aws\"]",
      "instances": [
        {
          "schema_version": 0,
          "attributes": {
            "arn": "arn:aws:route53:::hostedzone/Z01926143MI58U1G60JGN",
            "comment": "Hosted zone owned by the platform experts for their demo environment",
            "delegation_set_id": "",
            "force_destroy": false,
            "id": "Z01926143MI58U1G60JGN",
            "name": "pe-demo.manomano.tech",
            "name_servers": [
              "ns-1385.awsdns-45.org",
              "ns-1937.awsdns-50.co.uk",
              "ns-519.awsdns-00.net",
              "ns-78.awsdns-09.com"
            ],
            "tags": {},
            "tags_all": {},
            "vpc": [],
            "zone_id": "Z01926143MI58U1G60JGN"
          },
          "sensitive_attributes": [],
          "private": "bnVsbA=="
        }
      ]
    }
  ]
}
